
Microsoft Visual Studio Solution File, Format Version 12.00
# Visual Studio 15
VisualStudioVersion = 15.0.27703.2035
MinimumVisualStudioVersion = 10.0.40219.1
Project("{FAE04EC0-301F-11D3-BF4B-00C04F79EFBC}") = "PokeDex", "PokeDex\PokeDex.csproj", "{7DD00765-7344-4FE5-A323-3778D48310AE}"
EndProject
Project("{FAE04EC0-301F-11D3-BF4B-00C04F79EFBC}") = "Pokedata", "Pokedata\Pokedata.csproj", "{BA7AA1C2-EC70-4BE2-81BE-7601058C9FB5}"
EndProject
Global
	GlobalSection(SolutionConfigurationPlatforms) = preSolution
		Debug|Any CPU = Debug|Any CPU
		Debug|ARM = Debug|ARM
		Debug|x64 = Debug|x64
		Debug|x86 = Debug|x86
		Release|Any CPU = Release|Any CPU
		Release|ARM = Release|ARM
		Release|x64 = Release|x64
		Release|x86 = Release|x86
	EndGlobalSection
	GlobalSection(ProjectConfigurationPlatforms) = postSolution
		{7DD00765-7344-4FE5-A323-3778D48310AE}.Debug|Any CPU.ActiveCfg = Debug|x86
		{7DD00765-7344-4FE5-A323-3778D48310AE}.Debug|ARM.ActiveCfg = Debug|ARM
		{7DD00765-7344-4FE5-A323-3778D48310AE}.Debug|ARM.Build.0 = Debug|ARM
		{7DD00765-7344-4FE5-A323-3778D48310AE}.Debug|ARM.Deploy.0 = Debug|ARM
		{7DD00765-7344-4FE5-A323-3778D48310AE}.Debug|x64.ActiveCfg = Debug|x64
		{7DD00765-7344-4FE5-A323-3778D48310AE}.Debug|x64.Build.0 = Debug|x64
		{7DD00765-7344-4FE5-A323-3778D48310AE}.Debug|x64.Deploy.0 = Debug|x64
		{7DD00765-7344-4FE5-A323-3778D48310AE}.Debug|x86.ActiveCfg = Debug|x86
		{7DD00765-7344-4FE5-A323-3778D48310AE}.Debug|x86.Build.0 = Debug|x86
		{7DD00765-7344-4FE5-A323-3778D48310AE}.Debug|x86.Deploy.0 = Debug|x86
		{7DD00765-7344-4FE5-A323-3778D48310AE}.Release|Any CPU.ActiveCfg = Release|x86
		{7DD00765-7344-4FE5-A323-3778D48310AE}.Release|ARM.ActiveCfg = Release|ARM
		{7DD00765-7344-4FE5-A323-3778D48310AE}.Release|ARM.Build.0 = Release|ARM
		{7DD00765-7344-4FE5-A323-3778D48310AE}.Release|ARM.Deploy.0 = Release|ARM
		{7DD00765-7344-4FE5-A323-3778D48310AE}.Release|x64.ActiveCfg = Release|x64
		{7DD00765-7344-4FE5-A323-3778D48310AE}.Release|x64.Build.0 = Release|x64
		{7DD00765-7344-4FE5-A323-3778D48310AE}.Release|x64.Deploy.0 = Release|x64
		{7DD00765-7344-4FE5-A323-3778D48310AE}.Release|x86.ActiveCfg = Release|x86
		{7DD00765-7344-4FE5-A323-3778D48310AE}.Release|x86.Build.0 = Release|x86
		{7DD00765-7344-4FE5-A323-3778D48310AE}.Release|x86.Deploy.0 = Release|x86
		{BA7AA1C2-EC70-4BE2-81BE-7601058C9FB5}.Debug|Any CPU.ActiveCfg = Debug|Any CPU
		{BA7AA1C2-EC70-4BE2-81BE-7601058C9FB5}.Debug|Any CPU.Build.0 = Debug|Any CPU
		{BA7AA1C2-EC70-4BE2-81BE-7601058C9FB5}.Debug|ARM.ActiveCfg = Debug|ARM
		{BA7AA1C2-EC70-4BE2-81BE-7601058C9FB5}.Debug|ARM.Build.0 = Debug|ARM
		{BA7AA1C2-EC70-4BE2-81BE-7601058C9FB5}.Debug|x64.ActiveCfg = Debug|x64
		{BA7AA1C2-EC70-4BE2-81BE-7601058C9FB5}.Debug|x64.Build.0 = Debug|x64
		{BA7AA1C2-EC70-4BE2-81BE-7601058C9FB5}.Debug|x86.ActiveCfg = Debug|x86
		{BA7AA1C2-EC70-4BE2-81BE-7601058C9FB5}.Debug|x86.Build.0 = Debug|x86
		{BA7AA1C2-EC70-4BE2-81BE-7601058C9FB5}.Release|Any CPU.ActiveCfg = Release|Any CPU
		{BA7AA1C2-EC70-4BE2-81BE-7601058C9FB5}.Release|Any CPU.Build.0 = Release|Any CPU
		{BA7AA1C2-EC70-4BE2-81BE-7601058C9FB5}.Release|ARM.ActiveCfg = Release|ARM
		{BA7AA1C2-EC70-4BE2-81BE-7601058C9FB5}.Release|ARM.Build.0 = Release|ARM
		{BA7AA1C2-EC70-4BE2-81BE-7601058C9FB5}.Release|x64.ActiveCfg = Release|x64
		{BA7AA1C2-EC70-4BE2-81BE-7601058C9FB5}.Release|x64.Build.0 = Release|x64
		{BA7AA1C2-EC70-4BE2-81BE-7601058C9FB5}.Release|x86.ActiveCfg = Release|x86
		{BA7AA1C2-EC70-4BE2-81BE-7601058C9FB5}.Release|x86.Build.0 = Release|x86
	EndGlobalSection
	GlobalSection(SolutionProperties) = preSolution
		HideSolutionNode = FALSE
	EndGlobalSection
	GlobalSection(ExtensibilityGlobals) = postSolution
		SolutionGuid = {D61A4C8D-38C3-4C6E-98F9-587727091E2B}
	EndGlobalSection
EndGlobal
